
Microsoft Visual Studio Solution File, Format Version 12.00
# Visual Studio Version 17
VisualStudioVersion = 17.5.002.0
MinimumVisualStudioVersion = 10.0.40219.1
Project("{9A19103F-16F7-4668-BE54-9A1E7A4F7556}") = "Runner", "Runner\Runner.csproj", "{94353835-78DC-43CE-94D1-71E4A5D3B20C}"
EndProject
Project("{FAE04EC0-301F-11D3-BF4B-00C04F79EFBC}") = "GiteaClient", "GiteaClient\GiteaClient.csproj", "{EC231E53-29F6-4E6E-BCBE-28CDC71FE4E8}"
EndProject
Global
	GlobalSection(SolutionConfigurationPlatforms) = preSolution
		Debug|Any CPU = Debug|Any CPU
		Release|Any CPU = Release|Any CPU
	EndGlobalSection
	GlobalSection(ProjectConfigurationPlatforms) = postSolution
		{94353835-78DC-43CE-94D1-71E4A5D3B20C}.Debug|Any CPU.ActiveCfg = Debug|Any CPU
		{94353835-78DC-43CE-94D1-71E4A5D3B20C}.Debug|Any CPU.Build.0 = Debug|Any CPU
		{94353835-78DC-43CE-94D1-71E4A5D3B20C}.Release|Any CPU.ActiveCfg = Release|Any CPU
		{94353835-78DC-43CE-94D1-71E4A5D3B20C}.Release|Any CPU.Build.0 = Release|Any CPU
		{EC231E53-29F6-4E6E-BCBE-28CDC71FE4E8}.Debug|Any CPU.ActiveCfg = Debug|Any CPU
		{EC231E53-29F6-4E6E-BCBE-28CDC71FE4E8}.Debug|Any CPU.Build.0 = Debug|Any CPU
		{EC231E53-29F6-4E6E-BCBE-28CDC71FE4E8}.Release|Any CPU.ActiveCfg = Release|Any CPU
		{EC231E53-29F6-4E6E-BCBE-28CDC71FE4E8}.Release|Any CPU.Build.0 = Release|Any CPU
	EndGlobalSection
	GlobalSection(SolutionProperties) = preSolution
		HideSolutionNode = FALSE
	EndGlobalSection
	GlobalSection(ExtensibilityGlobals) = postSolution
		SolutionGuid = {86BB64B2-67B8-420C-804F-C036C33491B2}
	EndGlobalSection
EndGlobal
